
Microsoft Visual Studio Solution File, Format Version 12.00
# Visual Studio Version 16
VisualStudioVersion = 16.0.29215.179
MinimumVisualStudioVersion = 10.0.40219.1
Project("{FAE04EC0-301F-11D3-BF4B-00C04F79EFBC}") = "EFTQuests", "EFTQuests\EFTQuests.csproj", "{F78261BE-273A-4606-A0DF-E2580C630E8E}"
EndProject
Project("{FAE04EC0-301F-11D3-BF4B-00C04F79EFBC}") = "EFTQuests.Test", "EFTQuests.Test\EFTQuests.Test.csproj", "{3FC8215C-5099-452E-87E4-A22B79750041}"
EndProject
Global
	GlobalSection(SolutionConfigurationPlatforms) = preSolution
		Debug|Any CPU = Debug|Any CPU
		Release|Any CPU = Release|Any CPU
	EndGlobalSection
	GlobalSection(ProjectConfigurationPlatforms) = postSolution
		{F78261BE-273A-4606-A0DF-E2580C630E8E}.Debug|Any CPU.ActiveCfg = Debug|Any CPU
		{F78261BE-273A-4606-A0DF-E2580C630E8E}.Debug|Any CPU.Build.0 = Debug|Any CPU
		{F78261BE-273A-4606-A0DF-E2580C630E8E}.Release|Any CPU.ActiveCfg = Release|Any CPU
		{F78261BE-273A-4606-A0DF-E2580C630E8E}.Release|Any CPU.Build.0 = Release|Any CPU
		{3FC8215C-5099-452E-87E4-A22B79750041}.Debug|Any CPU.ActiveCfg = Debug|Any CPU
		{3FC8215C-5099-452E-87E4-A22B79750041}.Debug|Any CPU.Build.0 = Debug|Any CPU
		{3FC8215C-5099-452E-87E4-A22B79750041}.Release|Any CPU.ActiveCfg = Release|Any CPU
		{3FC8215C-5099-452E-87E4-A22B79750041}.Release|Any CPU.Build.0 = Release|Any CPU
	EndGlobalSection
	GlobalSection(SolutionProperties) = preSolution
		HideSolutionNode = FALSE
	EndGlobalSection
	GlobalSection(ExtensibilityGlobals) = postSolution
		SolutionGuid = {C032E618-A942-4C77-8949-B988BA7E2CB2}
	EndGlobalSection
EndGlobal
