
Microsoft Visual Studio Solution File, Format Version 12.00
# Visual Studio Version 16
VisualStudioVersion = 16.0.29411.108
MinimumVisualStudioVersion = 10.0.40219.1
Project("{9A19103F-16F7-4668-BE54-9A1E7A4F7556}") = "EFT_Hud", "EFT_Hud\EFT_Hud.csproj", "{D110922D-4A5A-41D4-9F83-44F64272E077}"
EndProject
Project("{2150E333-8FDC-42A3-9474-1A3956D46DE8}") = "Merchants", "Merchants", "{E0B31DCB-6E06-4A26-8356-0DBB67107263}"
EndProject
Project("{9A19103F-16F7-4668-BE54-9A1E7A4F7556}") = "EFT_Hud.Merchants.Services", "Merchants\EFT_Hud.Merchants.Services\EFT_Hud.Merchants.Services.csproj", "{A9F66599-978C-43B8-B039-E1D78DBF9E1D}"
EndProject
Project("{9A19103F-16F7-4668-BE54-9A1E7A4F7556}") = "EFT_Hud.Merchants.Interfaces", "Merchants\EFT_Hud.Merchants.Interfaces\EFT_Hud.Merchants.Interfaces.csproj", "{D24BC842-3EC9-40BE-B38A-58D4C23BB8C6}"
EndProject
Project("{2150E333-8FDC-42A3-9474-1A3956D46DE8}") = "Locations", "Locations", "{EE9DE10A-654B-49F1-85F0-C3C9FEA13AD5}"
EndProject
Project("{9A19103F-16F7-4668-BE54-9A1E7A4F7556}") = "EFT_Hud.Locations.Interfaces", "Locations\EFT_Hud.Locations.Interfaces\EFT_Hud.Locations.Interfaces.csproj", "{D994C36E-E62A-426F-911F-77C536F60671}"
EndProject
Project("{9A19103F-16F7-4668-BE54-9A1E7A4F7556}") = "EFT_Hud.Locations.Services", "Locations\EFT_Hud.Locations.Services\EFT_Hud.Locations.Services.csproj", "{79302C7D-D594-4CC1-BA42-D74A3CA5614D}"
EndProject
Project("{2150E333-8FDC-42A3-9474-1A3956D46DE8}") = "Quests", "Quests", "{13EBBDC6-D22E-4DA0-B70F-30511B4B6FB5}"
EndProject
Project("{9A19103F-16F7-4668-BE54-9A1E7A4F7556}") = "EFT_Hud.Quests.Interfaces", "Quests\EFT_Hud.Quests.Interfaces\EFT_Hud.Quests.Interfaces.csproj", "{08EC4F6E-1FB1-44AB-90FD-4077F9E9A0D5}"
EndProject
Project("{9A19103F-16F7-4668-BE54-9A1E7A4F7556}") = "EFT_Hud.Quests.Services", "Quests\EFT_Hud.Quests.Services\EFT_Hud.Quests.Services.csproj", "{277C81BE-7782-4A32-A3F8-AC5F839AEDEF}"
EndProject
Project("{2150E333-8FDC-42A3-9474-1A3956D46DE8}") = "DAL", "DAL", "{9FDD7F35-F464-4845-B371-8D21AC41DF36}"
EndProject
Project("{9A19103F-16F7-4668-BE54-9A1E7A4F7556}") = "EFT_Hud.DAL", "DAL\EFT_Hud.DAL\EFT_Hud.DAL.csproj", "{3B495A6D-4478-4B40-9661-AE6CF4A75A80}"
EndProject
Project("{9A19103F-16F7-4668-BE54-9A1E7A4F7556}") = "EFT_Hud.DAL.Entities", "DAL\EFT_Hud.DAL.Entities\EFT_Hud.DAL.Entities.csproj", "{6E7F049F-34DA-4677-BFE6-21F603E0F0D3}"
EndProject
Project("{E53339B2-1760-4266-BCC7-CA923CBCF16C}") = "docker-compose", "docker-compose.dcproj", "{72706AEA-3190-401A-B1FD-A44313C08F5A}"
EndProject
Project("{FAE04EC0-301F-11D3-BF4B-00C04F79EFBC}") = "EFT_Hud.Infrastructure", "Infrastructure\EFT_Hud.Infrastructure\EFT_Hud.Infrastructure.csproj", "{23119995-BDBF-4FBF-99B8-720D3EC4D327}"
EndProject
Project("{2150E333-8FDC-42A3-9474-1A3956D46DE8}") = "Infrastructure", "Infrastructure", "{DAC07180-B23E-4B04-A30F-94424A1D8C64}"
EndProject
Global
	GlobalSection(SolutionConfigurationPlatforms) = preSolution
		Debug|Any CPU = Debug|Any CPU
		Release|Any CPU = Release|Any CPU
	EndGlobalSection
	GlobalSection(ProjectConfigurationPlatforms) = postSolution
		{D110922D-4A5A-41D4-9F83-44F64272E077}.Debug|Any CPU.ActiveCfg = Debug|Any CPU
		{D110922D-4A5A-41D4-9F83-44F64272E077}.Debug|Any CPU.Build.0 = Debug|Any CPU
		{D110922D-4A5A-41D4-9F83-44F64272E077}.Release|Any CPU.ActiveCfg = Release|Any CPU
		{D110922D-4A5A-41D4-9F83-44F64272E077}.Release|Any CPU.Build.0 = Release|Any CPU
		{A9F66599-978C-43B8-B039-E1D78DBF9E1D}.Debug|Any CPU.ActiveCfg = Debug|Any CPU
		{A9F66599-978C-43B8-B039-E1D78DBF9E1D}.Debug|Any CPU.Build.0 = Debug|Any CPU
		{A9F66599-978C-43B8-B039-E1D78DBF9E1D}.Release|Any CPU.ActiveCfg = Release|Any CPU
		{A9F66599-978C-43B8-B039-E1D78DBF9E1D}.Release|Any CPU.Build.0 = Release|Any CPU
		{D24BC842-3EC9-40BE-B38A-58D4C23BB8C6}.Debug|Any CPU.ActiveCfg = Debug|Any CPU
		{D24BC842-3EC9-40BE-B38A-58D4C23BB8C6}.Debug|Any CPU.Build.0 = Debug|Any CPU
		{D24BC842-3EC9-40BE-B38A-58D4C23BB8C6}.Release|Any CPU.ActiveCfg = Release|Any CPU
		{D24BC842-3EC9-40BE-B38A-58D4C23BB8C6}.Release|Any CPU.Build.0 = Release|Any CPU
		{D994C36E-E62A-426F-911F-77C536F60671}.Debug|Any CPU.ActiveCfg = Debug|Any CPU
		{D994C36E-E62A-426F-911F-77C536F60671}.Debug|Any CPU.Build.0 = Debug|Any CPU
		{D994C36E-E62A-426F-911F-77C536F60671}.Release|Any CPU.ActiveCfg = Release|Any CPU
		{D994C36E-E62A-426F-911F-77C536F60671}.Release|Any CPU.Build.0 = Release|Any CPU
		{79302C7D-D594-4CC1-BA42-D74A3CA5614D}.Debug|Any CPU.ActiveCfg = Debug|Any CPU
		{79302C7D-D594-4CC1-BA42-D74A3CA5614D}.Debug|Any CPU.Build.0 = Debug|Any CPU
		{79302C7D-D594-4CC1-BA42-D74A3CA5614D}.Release|Any CPU.ActiveCfg = Release|Any CPU
		{79302C7D-D594-4CC1-BA42-D74A3CA5614D}.Release|Any CPU.Build.0 = Release|Any CPU
		{08EC4F6E-1FB1-44AB-90FD-4077F9E9A0D5}.Debug|Any CPU.ActiveCfg = Debug|Any CPU
		{08EC4F6E-1FB1-44AB-90FD-4077F9E9A0D5}.Debug|Any CPU.Build.0 = Debug|Any CPU
		{08EC4F6E-1FB1-44AB-90FD-4077F9E9A0D5}.Release|Any CPU.ActiveCfg = Release|Any CPU
		{08EC4F6E-1FB1-44AB-90FD-4077F9E9A0D5}.Release|Any CPU.Build.0 = Release|Any CPU
		{277C81BE-7782-4A32-A3F8-AC5F839AEDEF}.Debug|Any CPU.ActiveCfg = Debug|Any CPU
		{277C81BE-7782-4A32-A3F8-AC5F839AEDEF}.Debug|Any CPU.Build.0 = Debug|Any CPU
		{277C81BE-7782-4A32-A3F8-AC5F839AEDEF}.Release|Any CPU.ActiveCfg = Release|Any CPU
		{277C81BE-7782-4A32-A3F8-AC5F839AEDEF}.Release|Any CPU.Build.0 = Release|Any CPU
		{3B495A6D-4478-4B40-9661-AE6CF4A75A80}.Debug|Any CPU.ActiveCfg = Debug|Any CPU
		{3B495A6D-4478-4B40-9661-AE6CF4A75A80}.Debug|Any CPU.Build.0 = Debug|Any CPU
		{3B495A6D-4478-4B40-9661-AE6CF4A75A80}.Release|Any CPU.ActiveCfg = Release|Any CPU
		{3B495A6D-4478-4B40-9661-AE6CF4A75A80}.Release|Any CPU.Build.0 = Release|Any CPU
		{6E7F049F-34DA-4677-BFE6-21F603E0F0D3}.Debug|Any CPU.ActiveCfg = Debug|Any CPU
		{6E7F049F-34DA-4677-BFE6-21F603E0F0D3}.Debug|Any CPU.Build.0 = Debug|Any CPU
		{6E7F049F-34DA-4677-BFE6-21F603E0F0D3}.Release|Any CPU.ActiveCfg = Release|Any CPU
		{6E7F049F-34DA-4677-BFE6-21F603E0F0D3}.Release|Any CPU.Build.0 = Release|Any CPU
		{72706AEA-3190-401A-B1FD-A44313C08F5A}.Debug|Any CPU.ActiveCfg = Debug|Any CPU
		{72706AEA-3190-401A-B1FD-A44313C08F5A}.Debug|Any CPU.Build.0 = Debug|Any CPU
		{72706AEA-3190-401A-B1FD-A44313C08F5A}.Release|Any CPU.ActiveCfg = Release|Any CPU
		{72706AEA-3190-401A-B1FD-A44313C08F5A}.Release|Any CPU.Build.0 = Release|Any CPU
		{23119995-BDBF-4FBF-99B8-720D3EC4D327}.Debug|Any CPU.ActiveCfg = Debug|Any CPU
		{23119995-BDBF-4FBF-99B8-720D3EC4D327}.Debug|Any CPU.Build.0 = Debug|Any CPU
		{23119995-BDBF-4FBF-99B8-720D3EC4D327}.Release|Any CPU.ActiveCfg = Release|Any CPU
		{23119995-BDBF-4FBF-99B8-720D3EC4D327}.Release|Any CPU.Build.0 = Release|Any CPU
	EndGlobalSection
	GlobalSection(SolutionProperties) = preSolution
		HideSolutionNode = FALSE
	EndGlobalSection
	GlobalSection(NestedProjects) = preSolution
		{A9F66599-978C-43B8-B039-E1D78DBF9E1D} = {E0B31DCB-6E06-4A26-8356-0DBB67107263}
		{D24BC842-3EC9-40BE-B38A-58D4C23BB8C6} = {E0B31DCB-6E06-4A26-8356-0DBB67107263}
		{D994C36E-E62A-426F-911F-77C536F60671} = {EE9DE10A-654B-49F1-85F0-C3C9FEA13AD5}
		{79302C7D-D594-4CC1-BA42-D74A3CA5614D} = {EE9DE10A-654B-49F1-85F0-C3C9FEA13AD5}
		{08EC4F6E-1FB1-44AB-90FD-4077F9E9A0D5} = {13EBBDC6-D22E-4DA0-B70F-30511B4B6FB5}
		{277C81BE-7782-4A32-A3F8-AC5F839AEDEF} = {13EBBDC6-D22E-4DA0-B70F-30511B4B6FB5}
		{3B495A6D-4478-4B40-9661-AE6CF4A75A80} = {9FDD7F35-F464-4845-B371-8D21AC41DF36}
		{6E7F049F-34DA-4677-BFE6-21F603E0F0D3} = {9FDD7F35-F464-4845-B371-8D21AC41DF36}
		{23119995-BDBF-4FBF-99B8-720D3EC4D327} = {DAC07180-B23E-4B04-A30F-94424A1D8C64}
	EndGlobalSection
	GlobalSection(ExtensibilityGlobals) = postSolution
		SolutionGuid = {8A193613-D3B3-4F9D-92D2-6127852BD79C}
	EndGlobalSection
EndGlobal
