
Microsoft Visual Studio Solution File, Format Version 12.00
# Visual Studio Version 16
VisualStudioVersion = 16.0.29411.108
MinimumVisualStudioVersion = 10.0.40219.1
Project("{9A19103F-16F7-4668-BE54-9A1E7A4F7556}") = "EFT_Hud", "EFT_Hud\EFT_Hud.csproj", "{D110922D-4A5A-41D4-9F83-44F64272E077}"
EndProject
Project("{FAE04EC0-301F-11D3-BF4B-00C04F79EFBC}") = "EFT_Hud.DAL", "EFT_Hud.DAL\EFT_Hud.DAL.csproj", "{D7083B35-A124-4EC7-A7E1-4F2B19F04D62}"
EndProject
Project("{FAE04EC0-301F-11D3-BF4B-00C04F79EFBC}") = "EFT_Hud.Merchants", "EFT_Hud.Merchants\EFT_Hud.Merchants.csproj", "{46D6D1D8-CB4B-4343-A593-BA6A51FCA570}"
EndProject
Project("{FAE04EC0-301F-11D3-BF4B-00C04F79EFBC}") = "EFT_Hud.Quests", "EFT_Hud.Quests\EFT_Hud.Quests.csproj", "{5DB68CC3-27E3-4B28-9DB1-72757B87954F}"
EndProject
Project("{FAE04EC0-301F-11D3-BF4B-00C04F79EFBC}") = "EFT_Hud.Hideout", "EFT_Hud.Hideout\EFT_Hud.Hideout.csproj", "{7B343482-555A-4360-956D-8D87458F94BE}"
EndProject
Project("{FAE04EC0-301F-11D3-BF4B-00C04F79EFBC}") = "EFT_Hud.Summary", "EFT_Hud.Summary\EFT_Hud.Summary.csproj", "{D9360006-E991-4BCE-BD29-1E071F847FD2}"
EndProject
Project("{FAE04EC0-301F-11D3-BF4B-00C04F79EFBC}") = "EFT_Hud.BitcoinCalculator", "EFT_Hud.BitcoinCalculator\EFT_Hud.BitcoinCalculator.csproj", "{CEA7B2C1-BAAE-476B-AFEB-E76A88C655E9}"
EndProject
Project("{FAE04EC0-301F-11D3-BF4B-00C04F79EFBC}") = "EFT_Hud.Barter", "EFT_Hud.Barter\EFT_Hud.Barter.csproj", "{772FD099-F09C-4ADD-8ED1-2C1C3F3EAB1D}"
EndProject
Global
	GlobalSection(SolutionConfigurationPlatforms) = preSolution
		Debug|Any CPU = Debug|Any CPU
		Release|Any CPU = Release|Any CPU
	EndGlobalSection
	GlobalSection(ProjectConfigurationPlatforms) = postSolution
		{D110922D-4A5A-41D4-9F83-44F64272E077}.Debug|Any CPU.ActiveCfg = Debug|Any CPU
		{D110922D-4A5A-41D4-9F83-44F64272E077}.Debug|Any CPU.Build.0 = Debug|Any CPU
		{D110922D-4A5A-41D4-9F83-44F64272E077}.Release|Any CPU.ActiveCfg = Release|Any CPU
		{D110922D-4A5A-41D4-9F83-44F64272E077}.Release|Any CPU.Build.0 = Release|Any CPU
		{D7083B35-A124-4EC7-A7E1-4F2B19F04D62}.Debug|Any CPU.ActiveCfg = Debug|Any CPU
		{D7083B35-A124-4EC7-A7E1-4F2B19F04D62}.Debug|Any CPU.Build.0 = Debug|Any CPU
		{D7083B35-A124-4EC7-A7E1-4F2B19F04D62}.Release|Any CPU.ActiveCfg = Release|Any CPU
		{D7083B35-A124-4EC7-A7E1-4F2B19F04D62}.Release|Any CPU.Build.0 = Release|Any CPU
		{46D6D1D8-CB4B-4343-A593-BA6A51FCA570}.Debug|Any CPU.ActiveCfg = Debug|Any CPU
		{46D6D1D8-CB4B-4343-A593-BA6A51FCA570}.Debug|Any CPU.Build.0 = Debug|Any CPU
		{46D6D1D8-CB4B-4343-A593-BA6A51FCA570}.Release|Any CPU.ActiveCfg = Release|Any CPU
		{46D6D1D8-CB4B-4343-A593-BA6A51FCA570}.Release|Any CPU.Build.0 = Release|Any CPU
		{5DB68CC3-27E3-4B28-9DB1-72757B87954F}.Debug|Any CPU.ActiveCfg = Debug|Any CPU
		{5DB68CC3-27E3-4B28-9DB1-72757B87954F}.Debug|Any CPU.Build.0 = Debug|Any CPU
		{5DB68CC3-27E3-4B28-9DB1-72757B87954F}.Release|Any CPU.ActiveCfg = Release|Any CPU
		{5DB68CC3-27E3-4B28-9DB1-72757B87954F}.Release|Any CPU.Build.0 = Release|Any CPU
		{7B343482-555A-4360-956D-8D87458F94BE}.Debug|Any CPU.ActiveCfg = Debug|Any CPU
		{7B343482-555A-4360-956D-8D87458F94BE}.Debug|Any CPU.Build.0 = Debug|Any CPU
		{7B343482-555A-4360-956D-8D87458F94BE}.Release|Any CPU.ActiveCfg = Release|Any CPU
		{7B343482-555A-4360-956D-8D87458F94BE}.Release|Any CPU.Build.0 = Release|Any CPU
		{D9360006-E991-4BCE-BD29-1E071F847FD2}.Debug|Any CPU.ActiveCfg = Debug|Any CPU
		{D9360006-E991-4BCE-BD29-1E071F847FD2}.Debug|Any CPU.Build.0 = Debug|Any CPU
		{D9360006-E991-4BCE-BD29-1E071F847FD2}.Release|Any CPU.ActiveCfg = Release|Any CPU
		{D9360006-E991-4BCE-BD29-1E071F847FD2}.Release|Any CPU.Build.0 = Release|Any CPU
		{CEA7B2C1-BAAE-476B-AFEB-E76A88C655E9}.Debug|Any CPU.ActiveCfg = Debug|Any CPU
		{CEA7B2C1-BAAE-476B-AFEB-E76A88C655E9}.Debug|Any CPU.Build.0 = Debug|Any CPU
		{CEA7B2C1-BAAE-476B-AFEB-E76A88C655E9}.Release|Any CPU.ActiveCfg = Release|Any CPU
		{CEA7B2C1-BAAE-476B-AFEB-E76A88C655E9}.Release|Any CPU.Build.0 = Release|Any CPU
		{772FD099-F09C-4ADD-8ED1-2C1C3F3EAB1D}.Debug|Any CPU.ActiveCfg = Debug|Any CPU
		{772FD099-F09C-4ADD-8ED1-2C1C3F3EAB1D}.Debug|Any CPU.Build.0 = Debug|Any CPU
		{772FD099-F09C-4ADD-8ED1-2C1C3F3EAB1D}.Release|Any CPU.ActiveCfg = Release|Any CPU
		{772FD099-F09C-4ADD-8ED1-2C1C3F3EAB1D}.Release|Any CPU.Build.0 = Release|Any CPU
	EndGlobalSection
	GlobalSection(SolutionProperties) = preSolution
		HideSolutionNode = FALSE
	EndGlobalSection
	GlobalSection(ExtensibilityGlobals) = postSolution
		SolutionGuid = {8A193613-D3B3-4F9D-92D2-6127852BD79C}
	EndGlobalSection
EndGlobal
