
Microsoft Visual Studio Solution File, Format Version 12.00
# Visual Studio Version 16
VisualStudioVersion = 16.0.29728.190
MinimumVisualStudioVersion = 10.0.40219.1
Project("{FAE04EC0-301F-11D3-BF4B-00C04F79EFBC}") = "DataExtraction", "DataExtraction\DataExtraction.csproj", "{8D1F2619-2D69-49FC-AD70-153C3D27C78B}"
EndProject
Project("{FAE04EC0-301F-11D3-BF4B-00C04F79EFBC}") = "DataExtraction.Logic", "DataExtraction.Logic\DataExtraction.Logic.csproj", "{FBE6E581-5A4A-4C2C-934F-C2DF0AF0045E}"
EndProject
Project("{FAE04EC0-301F-11D3-BF4B-00C04F79EFBC}") = "DataExtration.Logic.Tests", "DataExtration.Logic.Tests\DataExtration.Logic.Tests.csproj", "{2E4725CC-FAE2-480C-A11C-AB340E57652C}"
EndProject
Global
	GlobalSection(SolutionConfigurationPlatforms) = preSolution
		Debug|Any CPU = Debug|Any CPU
		Release|Any CPU = Release|Any CPU
	EndGlobalSection
	GlobalSection(ProjectConfigurationPlatforms) = postSolution
		{8D1F2619-2D69-49FC-AD70-153C3D27C78B}.Debug|Any CPU.ActiveCfg = Debug|Any CPU
		{8D1F2619-2D69-49FC-AD70-153C3D27C78B}.Debug|Any CPU.Build.0 = Debug|Any CPU
		{8D1F2619-2D69-49FC-AD70-153C3D27C78B}.Release|Any CPU.ActiveCfg = Release|Any CPU
		{8D1F2619-2D69-49FC-AD70-153C3D27C78B}.Release|Any CPU.Build.0 = Release|Any CPU
		{FBE6E581-5A4A-4C2C-934F-C2DF0AF0045E}.Debug|Any CPU.ActiveCfg = Debug|Any CPU
		{FBE6E581-5A4A-4C2C-934F-C2DF0AF0045E}.Debug|Any CPU.Build.0 = Debug|Any CPU
		{FBE6E581-5A4A-4C2C-934F-C2DF0AF0045E}.Release|Any CPU.ActiveCfg = Release|Any CPU
		{FBE6E581-5A4A-4C2C-934F-C2DF0AF0045E}.Release|Any CPU.Build.0 = Release|Any CPU
		{2E4725CC-FAE2-480C-A11C-AB340E57652C}.Debug|Any CPU.ActiveCfg = Debug|Any CPU
		{2E4725CC-FAE2-480C-A11C-AB340E57652C}.Debug|Any CPU.Build.0 = Debug|Any CPU
		{2E4725CC-FAE2-480C-A11C-AB340E57652C}.Release|Any CPU.ActiveCfg = Release|Any CPU
		{2E4725CC-FAE2-480C-A11C-AB340E57652C}.Release|Any CPU.Build.0 = Release|Any CPU
	EndGlobalSection
	GlobalSection(SolutionProperties) = preSolution
		HideSolutionNode = FALSE
	EndGlobalSection
	GlobalSection(ExtensibilityGlobals) = postSolution
		SolutionGuid = {28AAFA58-8572-4E42-96C9-2AAFF1ECCB69}
	EndGlobalSection
EndGlobal
